// !$*UTF8*$!
{
	archiveVersion = 1;
	classes = {
	};
	objectVersion = 77;
	objects = {

/* Begin PBXBuildFile section */
		7556EA142F2C561F002DE73A /* SwiftUIIntrospect in Frameworks */ = {isa = PBXBuildFile; productRef = 7556EA132F2C561F002DE73A /* SwiftUIIntrospect */; };
		758B83002F3C6C3400F4CA41 /* SwiftUINavigationTransitions in Frameworks */ = {isa = PBXBuildFile; productRef = 758B82FF2F3C6C3400F4CA41 /* SwiftUINavigationTransitions */; };
		758B83022F3C6C3400F4CA41 /* UIKitNavigationTransitions in Frameworks */ = {isa = PBXBuildFile; productRef = 758B83012F3C6C3400F4CA41 /* UIKitNavigationTransitions */; };
		75CDF65E2F34586400BB7CF6 /* WidgetKit.framework in Frameworks */ = {isa = PBXBuildFile; fileRef = 75CDF65D2F34586400BB7CF6 /* WidgetKit.framework */; };
		75CDF6712F34586500BB7CF6 /* EverWidgetExtension.appex in Embed Foundation Extensions */ = {isa = PBXBuildFile; fileRef = 75CDF65C2F34586400BB7CF6 /* EverWidgetExtension.appex */; settings = {ATTRIBUTES = (RemoveHeadersOnCopy, ); }; };
		75CDF68D2F346C0C00BB7CF6 /* SFSafeSymbols in Frameworks */ = {isa = PBXBuildFile; productRef = 75CDF68C2F346C0C00BB7CF6 /* SFSafeSymbols */; };
		75CDF68F2F346C2800BB7CF6 /* SFSafeSymbols in Frameworks */ = {isa = PBXBuildFile; productRef = 75CDF68E2F346C2800BB7CF6 /* SFSafeSymbols */; };
		75FF8D272F303EBA0091C943 /* CLSDK_Framework-Static in Frameworks */ = {isa = PBXBuildFile; productRef = 75FF8D262F303EBA0091C943 /* CLSDK_Framework-Static */; };
		75FF8D452F304F9E0091C943 /* SwiftyUtils in Frameworks */ = {isa = PBXBuildFile; productRef = 75FF8D442F304F9E0091C943 /* SwiftyUtils */; };
/* End PBXBuildFile section */

/* Begin PBXContainerItemProxy section */
		75CDF66F2F34586500BB7CF6 /* PBXContainerItemProxy */ = {
			isa = PBXContainerItemProxy;
			containerPortal = 75DEC2432F25BF5E00EBA1AC /* Project object */;
			proxyType = 1;
			remoteGlobalIDString = 75CDF65B2F34586400BB7CF6;
			remoteInfo = EverWidgetExtension;
		};
		75DEC25E2F25BF5F00EBA1AC /* PBXContainerItemProxy */ = {
			isa = PBXContainerItemProxy;
			containerPortal = 75DEC2432F25BF5E00EBA1AC /* Project object */;
			proxyType = 1;
			remoteGlobalIDString = 75DEC24A2F25BF5E00EBA1AC;
			remoteInfo = AnyToolkit;
		};
		75DEC2682F25BF5F00EBA1AC /* PBXContainerItemProxy */ = {
			isa = PBXContainerItemProxy;
			containerPortal = 75DEC2432F25BF5E00EBA1AC /* Project object */;
			proxyType = 1;
			remoteGlobalIDString = 75DEC24A2F25BF5E00EBA1AC;
			remoteInfo = AnyToolkit;
		};
/* End PBXContainerItemProxy section */

/* Begin PBXCopyFilesBuildPhase section */
		75CDF6722F34586500BB7CF6 /* Embed Foundation Extensions */ = {
			isa = PBXCopyFilesBuildPhase;
			buildActionMask = 2147483647;
			dstPath = "";
			dstSubfolderSpec = 13;
			files = (
				75CDF6712F34586500BB7CF6 /* EverWidgetExtension.appex in Embed Foundation Extensions */,
			);
			name = "Embed Foundation Extensions";
			runOnlyForDeploymentPostprocessing = 0;
		};
/* End PBXCopyFilesBuildPhase section */

/* Begin PBXFileReference section */
		75CDF65C2F34586400BB7CF6 /* EverWidgetExtension.appex */ = {isa = PBXFileReference; explicitFileType = "wrapper.app-extension"; includeInIndex = 0; path = EverWidgetExtension.appex; sourceTree = BUILT_PRODUCTS_DIR; };
		75CDF65D2F34586400BB7CF6 /* WidgetKit.framework */ = {isa = PBXFileReference; lastKnownFileType = wrapper.framework; name = WidgetKit.framework; path = System/Library/Frameworks/WidgetKit.framework; sourceTree = SDKROOT; };
		75CDF6782F3459DB00BB7CF6 /* EverWidgetExtension.entitlements */ = {isa = PBXFileReference; lastKnownFileType = text.plist.entitlements; path = EverWidgetExtension.entitlements; sourceTree = "<group>"; };
		75DEC24B2F25BF5E00EBA1AC /* AnyToolkit.app */ = {isa = PBXFileReference; explicitFileType = wrapper.application; includeInIndex = 0; path = AnyToolkit.app; sourceTree = BUILT_PRODUCTS_DIR; };
		75DEC25D2F25BF5F00EBA1AC /* AnyToolkitTests.xctest */ = {isa = PBXFileReference; explicitFileType = wrapper.cfbundle; includeInIndex = 0; path = AnyToolkitTests.xctest; sourceTree = BUILT_PRODUCTS_DIR; };
		75DEC2672F25BF5F00EBA1AC /* AnyToolkitUITests.xctest */ = {isa = PBXFileReference; explicitFileType = wrapper.cfbundle; includeInIndex = 0; path = AnyToolkitUITests.xctest; sourceTree = BUILT_PRODUCTS_DIR; };
/* End PBXFileReference section */

/* Begin PBXFileSystemSynchronizedBuildFileExceptionSet section */
		75CDF6762F34586500BB7CF6 /* Exceptions for "EverWidget" folder in "EverWidgetExtension" target */ = {
			isa = PBXFileSystemSynchronizedBuildFileExceptionSet;
			membershipExceptions = (
				Info.plist,
			);
			target = 75CDF65B2F34586400BB7CF6 /* EverWidgetExtension */;
		};
		75CDF6802F345D4300BB7CF6 /* Exceptions for "AnyToolkit" folder in "EverWidgetExtension" target */ = {
			isa = PBXFileSystemSynchronizedBuildFileExceptionSet;
			membershipExceptions = (
				Model/TodoItem.swift,
				Public/EnvValueEx.swift,
				Repository/TodoRepository.swift,
			);
			target = 75CDF65B2F34586400BB7CF6 /* EverWidgetExtension */;
		};
		75E767E92F2730CB00D3D52B /* Exceptions for "AnyToolkit" folder in "AnyToolkit" target */ = {
			isa = PBXFileSystemSynchronizedBuildFileExceptionSet;
			membershipExceptions = (
				Info.plist,
			);
			target = 75DEC24A2F25BF5E00EBA1AC /* AnyToolkit */;
		};
/* End PBXFileSystemSynchronizedBuildFileExceptionSet section */

/* Begin PBXFileSystemSynchronizedRootGroup section */
		75CDF6612F34586400BB7CF6 /* EverWidget */ = {
			isa = PBXFileSystemSynchronizedRootGroup;
			exceptions = (
				75CDF6762F34586500BB7CF6 /* Exceptions for "EverWidget" folder in "EverWidgetExtension" target */,
			);
			path = EverWidget;
			sourceTree = "<group>";
		};
		75DEC24D2F25BF5E00EBA1AC /* AnyToolkit */ = {
			isa = PBXFileSystemSynchronizedRootGroup;
			exceptions = (
				75E767E92F2730CB00D3D52B /* Exceptions for "AnyToolkit" folder in "AnyToolkit" target */,
				75CDF6802F345D4300BB7CF6 /* Exceptions for "AnyToolkit" folder in "EverWidgetExtension" target */,
			);
			path = AnyToolkit;
			sourceTree = "<group>";
		};
		75DEC2602F25BF5F00EBA1AC /* AnyToolkitTests */ = {
			isa = PBXFileSystemSynchronizedRootGroup;
			path = AnyToolkitTests;
			sourceTree = "<group>";
		};
		75DEC26A2F25BF5F00EBA1AC /* AnyToolkitUITests */ = {
			isa = PBXFileSystemSynchronizedRootGroup;
			path = AnyToolkitUITests;
			sourceTree = "<group>";
		};
/* End PBXFileSystemSynchronizedRootGroup section */

/* Begin PBXFrameworksBuildPhase section */
		75CDF6592F34586400BB7CF6 /* Frameworks */ = {
			isa = PBXFrameworksBuildPhase;
			buildActionMask = 2147483647;
			files = (
				75CDF68D2F346C0C00BB7CF6 /* SFSafeSymbols in Frameworks */,
				75CDF65E2F34586400BB7CF6 /* WidgetKit.framework in Frameworks */,
			);
			runOnlyForDeploymentPostprocessing = 0;
		};
		75DEC2482F25BF5E00EBA1AC /* Frameworks */ = {
			isa = PBXFrameworksBuildPhase;
			buildActionMask = 2147483647;
			files = (
				758B83002F3C6C3400F4CA41 /* SwiftUINavigationTransitions in Frameworks */,
				75CDF68F2F346C2800BB7CF6 /* SFSafeSymbols in Frameworks */,
				758B83022F3C6C3400F4CA41 /* UIKitNavigationTransitions in Frameworks */,
				7556EA142F2C561F002DE73A /* SwiftUIIntrospect in Frameworks */,
				75FF8D452F304F9E0091C943 /* SwiftyUtils in Frameworks */,
				75FF8D272F303EBA0091C943 /* CLSDK_Framework-Static in Frameworks */,
			);
			runOnlyForDeploymentPostprocessing = 0;
		};
		75DEC25A2F25BF5F00EBA1AC /* Frameworks */ = {
			isa = PBXFrameworksBuildPhase;
			buildActionMask = 2147483647;
			files = (
			);
			runOnlyForDeploymentPostprocessing = 0;
		};
		75DEC2642F25BF5F00EBA1AC /* Frameworks */ = {
			isa = PBXFrameworksBuildPhase;
			buildActionMask = 2147483647;
			files = (
			);
			runOnlyForDeploymentPostprocessing = 0;
		};
/* End PBXFrameworksBuildPhase section */

/* Begin PBXGroup section */
		7556EA3F2F2C762F002DE73A /* Frameworks */ = {
			isa = PBXGroup;
			children = (
				75CDF65D2F34586400BB7CF6 /* WidgetKit.framework */,
			);
			name = Frameworks;
			sourceTree = "<group>";
		};
		75DEC2422F25BF5E00EBA1AC = {
			isa = PBXGroup;
			children = (
				75CDF6782F3459DB00BB7CF6 /* EverWidgetExtension.entitlements */,
				75DEC24D2F25BF5E00EBA1AC /* AnyToolkit */,
				75DEC2602F25BF5F00EBA1AC /* AnyToolkitTests */,
				75DEC26A2F25BF5F00EBA1AC /* AnyToolkitUITests */,
				75CDF6612F34586400BB7CF6 /* EverWidget */,
				7556EA3F2F2C762F002DE73A /* Frameworks */,
				75DEC24C2F25BF5E00EBA1AC /* Products */,
			);
			sourceTree = "<group>";
		};
		75DEC24C2F25BF5E00EBA1AC /* Products */ = {
			isa = PBXGroup;
			children = (
				75DEC24B2F25BF5E00EBA1AC /* AnyToolkit.app */,
				75DEC25D2F25BF5F00EBA1AC /* AnyToolkitTests.xctest */,
				75DEC2672F25BF5F00EBA1AC /* AnyToolkitUITests.xctest */,
				75CDF65C2F34586400BB7CF6 /* EverWidgetExtension.appex */,
			);
			name = Products;
			sourceTree = "<group>";
		};
/* End PBXGroup section */

/* Begin PBXNativeTarget section */
		75CDF65B2F34586400BB7CF6 /* EverWidgetExtension */ = {
			isa = PBXNativeTarget;
			buildConfigurationList = 75CDF6752F34586500BB7CF6 /* Build configuration list for PBXNativeTarget "EverWidgetExtension" */;
			buildPhases = (
				75CDF6582F34586400BB7CF6 /* Sources */,
				75CDF6592F34586400BB7CF6 /* Frameworks */,
				75CDF65A2F34586400BB7CF6 /* Resources */,
			);
			buildRules = (
			);
			dependencies = (
			);
			fileSystemSynchronizedGroups = (
				75CDF6612F34586400BB7CF6 /* EverWidget */,
			);
			name = EverWidgetExtension;
			packageProductDependencies = (
				75CDF68C2F346C0C00BB7CF6 /* SFSafeSymbols */,
			);
			productName = EverWidgetExtension;
			productReference = 75CDF65C2F34586400BB7CF6 /* EverWidgetExtension.appex */;
			productType = "com.apple.product-type.app-extension";
		};
		75DEC24A2F25BF5E00EBA1AC /* AnyToolkit */ = {
			isa = PBXNativeTarget;
			buildConfigurationList = 75DEC2712F25BF5F00EBA1AC /* Build configuration list for PBXNativeTarget "AnyToolkit" */;
			buildPhases = (
				75DEC2472F25BF5E00EBA1AC /* Sources */,
				75DEC2482F25BF5E00EBA1AC /* Frameworks */,
				75DEC2492F25BF5E00EBA1AC /* Resources */,
				75CDF6722F34586500BB7CF6 /* Embed Foundation Extensions */,
			);
			buildRules = (
			);
			dependencies = (
				75CDF6702F34586500BB7CF6 /* PBXTargetDependency */,
			);
			fileSystemSynchronizedGroups = (
				75DEC24D2F25BF5E00EBA1AC /* AnyToolkit */,
			);
			name = AnyToolkit;
			packageProductDependencies = (
				7556EA132F2C561F002DE73A /* SwiftUIIntrospect */,
				75FF8D262F303EBA0091C943 /* CLSDK_Framework-Static */,
				75FF8D442F304F9E0091C943 /* SwiftyUtils */,
				75CDF68E2F346C2800BB7CF6 /* SFSafeSymbols */,
				758B82FF2F3C6C3400F4CA41 /* SwiftUINavigationTransitions */,
				758B83012F3C6C3400F4CA41 /* UIKitNavigationTransitions */,
			);
			productName = AnyToolkit;
			productReference = 75DEC24B2F25BF5E00EBA1AC /* AnyToolkit.app */;
			productType = "com.apple.product-type.application";
		};
		75DEC25C2F25BF5F00EBA1AC /* AnyToolkitTests */ = {
			isa = PBXNativeTarget;
			buildConfigurationList = 75DEC2742F25BF5F00EBA1AC /* Build configuration list for PBXNativeTarget "AnyToolkitTests" */;
			buildPhases = (
				75DEC2592F25BF5F00EBA1AC /* Sources */,
				75DEC25A2F25BF5F00EBA1AC /* Frameworks */,
				75DEC25B2F25BF5F00EBA1AC /* Resources */,
			);
			buildRules = (
			);
			dependencies = (
				75DEC25F2F25BF5F00EBA1AC /* PBXTargetDependency */,
			);
			fileSystemSynchronizedGroups = (
				75DEC2602F25BF5F00EBA1AC /* AnyToolkitTests */,
			);
			name = AnyToolkitTests;
			packageProductDependencies = (
			);
			productName = AnyToolkitTests;
			productReference = 75DEC25D2F25BF5F00EBA1AC /* AnyToolkitTests.xctest */;
			productType = "com.apple.product-type.bundle.unit-test";
		};
		75DEC2662F25BF5F00EBA1AC /* AnyToolkitUITests */ = {
			isa = PBXNativeTarget;
			buildConfigurationList = 75DEC2772F25BF5F00EBA1AC /* Build configuration list for PBXNativeTarget "AnyToolkitUITests" */;
			buildPhases = (
				75DEC2632F25BF5F00EBA1AC /* Sources */,
				75DEC2642F25BF5F00EBA1AC /* Frameworks */,
				75DEC2652F25BF5F00EBA1AC /* Resources */,
			);
			buildRules = (
			);
			dependencies = (
				75DEC2692F25BF5F00EBA1AC /* PBXTargetDependency */,
			);
			fileSystemSynchronizedGroups = (
				75DEC26A2F25BF5F00EBA1AC /* AnyToolkitUITests */,
			);
			name = AnyToolkitUITests;
			packageProductDependencies = (
			);
			productName = AnyToolkitUITests;
			productReference = 75DEC2672F25BF5F00EBA1AC /* AnyToolkitUITests.xctest */;
			productType = "com.apple.product-type.bundle.ui-testing";
		};
/* End PBXNativeTarget section */

/* Begin PBXProject section */
		75DEC2432F25BF5E00EBA1AC /* Project object */ = {
			isa = PBXProject;
			attributes = {
				BuildIndependentTargetsInParallel = 1;
				LastSwiftUpdateCheck = 2620;
				LastUpgradeCheck = 2620;
				TargetAttributes = {
					75CDF65B2F34586400BB7CF6 = {
						CreatedOnToolsVersion = 26.2;
						LastSwiftMigration = 2620;
					};
					75DEC24A2F25BF5E00EBA1AC = {
						CreatedOnToolsVersion = 26.2;
					};
					75DEC25C2F25BF5F00EBA1AC = {
						CreatedOnToolsVersion = 26.2;
						TestTargetID = 75DEC24A2F25BF5E00EBA1AC;
					};
					75DEC2662F25BF5F00EBA1AC = {
						CreatedOnToolsVersion = 26.2;
						TestTargetID = 75DEC24A2F25BF5E00EBA1AC;
					};
				};
			};
			buildConfigurationList = 75DEC2462F25BF5E00EBA1AC /* Build configuration list for PBXProject "AnyToolkit" */;
			developmentRegion = "zh-Hans";
			hasScannedForEncodings = 0;
			knownRegions = (
				en,
				"zh-Hans",
			);
			mainGroup = 75DEC2422F25BF5E00EBA1AC;
			minimizedProjectReferenceProxies = 1;
			packageReferences = (
				7556EA122F2C561F002DE73A /* XCRemoteSwiftPackageReference "swiftui-introspect" */,
				75FF8D252F303EBA0091C943 /* XCRemoteSwiftPackageReference "CLSDK_Framework" */,
				75FF8D432F304F9E0091C943 /* XCRemoteSwiftPackageReference "SwiftyUtils" */,
				75CDF68B2F346C0C00BB7CF6 /* XCRemoteSwiftPackageReference "SFSafeSymbols" */,
				758B82FE2F3C6C3400F4CA41 /* XCRemoteSwiftPackageReference "swiftui-navigation-transitions" */,
			);
			preferredProjectObjectVersion = 77;
			productRefGroup = 75DEC24C2F25BF5E00EBA1AC /* Products */;
			projectDirPath = "";
			projectRoot = "";
			targets = (
				75DEC24A2F25BF5E00EBA1AC /* AnyToolkit */,
				75DEC25C2F25BF5F00EBA1AC /* AnyToolkitTests */,
				75DEC2662F25BF5F00EBA1AC /* AnyToolkitUITests */,
				75CDF65B2F34586400BB7CF6 /* EverWidgetExtension */,
			);
		};
/* End PBXProject section */

/* Begin PBXResourcesBuildPhase section */
		75CDF65A2F34586400BB7CF6 /* Resources */ = {
			isa = PBXResourcesBuildPhase;
			buildActionMask = 2147483647;
			files = (
			);
			runOnlyForDeploymentPostprocessing = 0;
		};
		75DEC2492F25BF5E00EBA1AC /* Resources */ = {
			isa = PBXResourcesBuildPhase;
			buildActionMask = 2147483647;
			files = (
			);
			runOnlyForDeploymentPostprocessing = 0;
		};
		75DEC25B2F25BF5F00EBA1AC /* Resources */ = {
			isa = PBXResourcesBuildPhase;
			buildActionMask = 2147483647;
			files = (
			);
			runOnlyForDeploymentPostprocessing = 0;
		};
		75DEC2652F25BF5F00EBA1AC /* Resources */ = {
			isa = PBXResourcesBuildPhase;
			buildActionMask = 2147483647;
			files = (
			);
			runOnlyForDeploymentPostprocessing = 0;
		};
/* End PBXResourcesBuildPhase section */

/* Begin PBXSourcesBuildPhase section */
		75CDF6582F34586400BB7CF6 /* Sources */ = {
			isa = PBXSourcesBuildPhase;
			buildActionMask = 2147483647;
			files = (
			);
			runOnlyForDeploymentPostprocessing = 0;
		};
		75DEC2472F25BF5E00EBA1AC /* Sources */ = {
			isa = PBXSourcesBuildPhase;
			buildActionMask = 2147483647;
			files = (
			);
			runOnlyForDeploymentPostprocessing = 0;
		};
		75DEC2592F25BF5F00EBA1AC /* Sources */ = {
			isa = PBXSourcesBuildPhase;
			buildActionMask = 2147483647;
			files = (
			);
			runOnlyForDeploymentPostprocessing = 0;
		};
		75DEC2632F25BF5F00EBA1AC /* Sources */ = {
			isa = PBXSourcesBuildPhase;
			buildActionMask = 2147483647;
			files = (
			);
			runOnlyForDeploymentPostprocessing = 0;
		};
/* End PBXSourcesBuildPhase section */

/* Begin PBXTargetDependency section */
		75CDF6702F34586500BB7CF6 /* PBXTargetDependency */ = {
			isa = PBXTargetDependency;
			target = 75CDF65B2F34586400BB7CF6 /* EverWidgetExtension */;
			targetProxy = 75CDF66F2F34586500BB7CF6 /* PBXContainerItemProxy */;
		};
		75DEC25F2F25BF5F00EBA1AC /* PBXTargetDependency */ = {
			isa = PBXTargetDependency;
			target = 75DEC24A2F25BF5E00EBA1AC /* AnyToolkit */;
			targetProxy = 75DEC25E2F25BF5F00EBA1AC /* PBXContainerItemProxy */;
		};
		75DEC2692F25BF5F00EBA1AC /* PBXTargetDependency */ = {
			isa = PBXTargetDependency;
			target = 75DEC24A2F25BF5E00EBA1AC /* AnyToolkit */;
			targetProxy = 75DEC2682F25BF5F00EBA1AC /* PBXContainerItemProxy */;
		};
/* End PBXTargetDependency section */

/* Begin XCBuildConfiguration section */
		75CDF6732F34586500BB7CF6 /* Debug */ = {
			isa = XCBuildConfiguration;
			buildSettings = {
				ASSETCATALOG_COMPILER_GLOBAL_ACCENT_COLOR_NAME = AccentColor;
				ASSETCATALOG_COMPILER_WIDGET_BACKGROUND_COLOR_NAME = WidgetBackground;
				CLANG_ENABLE_MODULES = YES;
				CODE_SIGN_ENTITLEMENTS = EverWidgetExtension.entitlements;
				CODE_SIGN_STYLE = Automatic;
				CURRENT_PROJECT_VERSION = 1;
				DEVELOPMENT_TEAM = SL6B57AC84;
				GENERATE_INFOPLIST_FILE = YES;
				INFOPLIST_FILE = EverWidget/Info.plist;
				INFOPLIST_KEY_CFBundleDisplayName = EverWidget;
				INFOPLIST_KEY_NSHumanReadableCopyright = "";
				IPHONEOS_DEPLOYMENT_TARGET = 14.0;
				LD_RUNPATH_SEARCH_PATHS = (
					"$(inherited)",
					"@executable_path/Frameworks",
					"@executable_path/../../Frameworks",
				);
				MARKETING_VERSION = 1.0;
				OTHER_SWIFT_FLAGS = "-D widgetKit";
				PRODUCT_BUNDLE_IDENTIFIER = com.corpsele.AnyToolkit.EverWidget;
				PRODUCT_NAME = "$(TARGET_NAME)";
				SKIP_INSTALL = YES;
				STRING_CATALOG_GENERATE_SYMBOLS = YES;
				SWIFT_APPROACHABLE_CONCURRENCY = YES;
				SWIFT_EMIT_LOC_STRINGS = YES;
				SWIFT_OPTIMIZATION_LEVEL = "-Onone";
				SWIFT_UPCOMING_FEATURE_MEMBER_IMPORT_VISIBILITY = YES;
				SWIFT_VERSION = 5.0;
				TARGETED_DEVICE_FAMILY = "1,2";
			};
			name = Debug;
		};
		75CDF6742F34586500BB7CF6 /* Release */ = {
			isa = XCBuildConfiguration;
			buildSettings = {
				ASSETCATALOG_COMPILER_GLOBAL_ACCENT_COLOR_NAME = AccentColor;
				ASSETCATALOG_COMPILER_WIDGET_BACKGROUND_COLOR_NAME = WidgetBackground;
				CLANG_ENABLE_MODULES = YES;
				CODE_SIGN_ENTITLEMENTS = EverWidgetExtension.entitlements;
				CODE_SIGN_STYLE = Automatic;
				CURRENT_PROJECT_VERSION = 1;
				DEVELOPMENT_TEAM = SL6B57AC84;
				GENERATE_INFOPLIST_FILE = YES;
				INFOPLIST_FILE = EverWidget/Info.plist;
				INFOPLIST_KEY_CFBundleDisplayName = EverWidget;
				INFOPLIST_KEY_NSHumanReadableCopyright = "";
				IPHONEOS_DEPLOYMENT_TARGET = 14.0;
				LD_RUNPATH_SEARCH_PATHS = (
					"$(inherited)",
					"@executable_path/Frameworks",
					"@executable_path/../../Frameworks",
				);
				MARKETING_VERSION = 1.0;
				OTHER_SWIFT_FLAGS = "-D widgetKit";
				PRODUCT_BUNDLE_IDENTIFIER = com.corpsele.AnyToolkit.EverWidget;
				PRODUCT_NAME = "$(TARGET_NAME)";
				SKIP_INSTALL = YES;
				STRING_CATALOG_GENERATE_SYMBOLS = YES;
				SWIFT_APPROACHABLE_CONCURRENCY = YES;
				SWIFT_EMIT_LOC_STRINGS = YES;
				SWIFT_UPCOMING_FEATURE_MEMBER_IMPORT_VISIBILITY = YES;
				SWIFT_VERSION = 5.0;
				TARGETED_DEVICE_FAMILY = "1,2";
			};
			name = Release;
		};
		75DEC26F2F25BF5F00EBA1AC /* Debug */ = {
			isa = XCBuildConfiguration;
			buildSettings = {
				ALWAYS_SEARCH_USER_PATHS = NO;
				ASSETCATALOG_COMPILER_GENERATE_SWIFT_ASSET_SYMBOL_EXTENSIONS = YES;
				CLANG_ANALYZER_NONNULL = YES;
				CLANG_ANALYZER_NUMBER_OBJECT_CONVERSION = YES_AGGRESSIVE;
				CLANG_CXX_LANGUAGE_STANDARD = "gnu++20";
				CLANG_ENABLE_MODULES = YES;
				CLANG_ENABLE_OBJC_ARC = YES;
				CLANG_ENABLE_OBJC_WEAK = YES;
				CLANG_WARN_BLOCK_CAPTURE_AUTORELEASING = YES;
				CLANG_WARN_BOOL_CONVERSION = YES;
				CLANG_WARN_COMMA = YES;
				CLANG_WARN_CONSTANT_CONVERSION = YES;
				CLANG_WARN_DEPRECATED_OBJC_IMPLEMENTATIONS = YES;
				CLANG_WARN_DIRECT_OBJC_ISA_USAGE = YES_ERROR;
				CLANG_WARN_DOCUMENTATION_COMMENTS = YES;
				CLANG_WARN_EMPTY_BODY = YES;
				CLANG_WARN_ENUM_CONVERSION = YES;
				CLANG_WARN_INFINITE_RECURSION = YES;
				CLANG_WARN_INT_CONVERSION = YES;
				CLANG_WARN_NON_LITERAL_NULL_CONVERSION = YES;
				CLANG_WARN_OBJC_IMPLICIT_RETAIN_SELF = YES;
				CLANG_WARN_OBJC_LITERAL_CONVERSION = YES;
				CLANG_WARN_OBJC_ROOT_CLASS = YES_ERROR;
				CLANG_WARN_QUOTED_INCLUDE_IN_FRAMEWORK_HEADER = YES;
				CLANG_WARN_RANGE_LOOP_ANALYSIS = YES;
				CLANG_WARN_STRICT_PROTOTYPES = YES;
				CLANG_WARN_SUSPICIOUS_MOVE = YES;
				CLANG_WARN_UNGUARDED_AVAILABILITY = YES_AGGRESSIVE;
				CLANG_WARN_UNREACHABLE_CODE = YES;
				CLANG_WARN__DUPLICATE_METHOD_MATCH = YES;
				COPY_PHASE_STRIP = NO;
				DEBUG_INFORMATION_FORMAT = dwarf;
				DEVELOPMENT_TEAM = SL6B57AC84;
				ENABLE_STRICT_OBJC_MSGSEND = YES;
				ENABLE_TESTABILITY = YES;
				ENABLE_USER_SCRIPT_SANDBOXING = YES;
				GCC_C_LANGUAGE_STANDARD = gnu17;
				GCC_DYNAMIC_NO_PIC = NO;
				GCC_NO_COMMON_BLOCKS = YES;
				GCC_OPTIMIZATION_LEVEL = 0;
				GCC_PREPROCESSOR_DEFINITIONS = (
					"DEBUG=1",
					"$(inherited)",
				);
				GCC_WARN_64_TO_32_BIT_CONVERSION = YES;
				GCC_WARN_ABOUT_RETURN_TYPE = YES_ERROR;
				GCC_WARN_UNDECLARED_SELECTOR = YES;
				GCC_WARN_UNINITIALIZED_AUTOS = YES_AGGRESSIVE;
				GCC_WARN_UNUSED_FUNCTION = YES;
				GCC_WARN_UNUSED_VARIABLE = YES;
				IPHONEOS_DEPLOYMENT_TARGET = 26.2;
				LOCALIZATION_PREFERS_STRING_CATALOGS = YES;
				MTL_ENABLE_DEBUG_INFO = INCLUDE_SOURCE;
				MTL_FAST_MATH = YES;
				ONLY_ACTIVE_ARCH = YES;
				SDKROOT = iphoneos;
				SWIFT_ACTIVE_COMPILATION_CONDITIONS = "DEBUG $(inherited)";
				SWIFT_OPTIMIZATION_LEVEL = "-Onone";
			};
			name = Debug;
		};
		75DEC2702F25BF5F00EBA1AC /* Release */ = {
			isa = XCBuildConfiguration;
			buildSettings = {
				ALWAYS_SEARCH_USER_PATHS = NO;
				ASSETCATALOG_COMPILER_GENERATE_SWIFT_ASSET_SYMBOL_EXTENSIONS = YES;
				CLANG_ANALYZER_NONNULL = YES;
				CLANG_ANALYZER_NUMBER_OBJECT_CONVERSION = YES_AGGRESSIVE;
				CLANG_CXX_LANGUAGE_STANDARD = "gnu++20";
				CLANG_ENABLE_MODULES = YES;
				CLANG_ENABLE_OBJC_ARC = YES;
				CLANG_ENABLE_OBJC_WEAK = YES;
				CLANG_WARN_BLOCK_CAPTURE_AUTORELEASING = YES;
				CLANG_WARN_BOOL_CONVERSION = YES;
				CLANG_WARN_COMMA = YES;
				CLANG_WARN_CONSTANT_CONVERSION = YES;
				CLANG_WARN_DEPRECATED_OBJC_IMPLEMENTATIONS = YES;
				CLANG_WARN_DIRECT_OBJC_ISA_USAGE = YES_ERROR;
				CLANG_WARN_DOCUMENTATION_COMMENTS = YES;
				CLANG_WARN_EMPTY_BODY = YES;
				CLANG_WARN_ENUM_CONVERSION = YES;
				CLANG_WARN_INFINITE_RECURSION = YES;
				CLANG_WARN_INT_CONVERSION = YES;
				CLANG_WARN_NON_LITERAL_NULL_CONVERSION = YES;
				CLANG_WARN_OBJC_IMPLICIT_RETAIN_SELF = YES;
				CLANG_WARN_OBJC_LITERAL_CONVERSION = YES;
				CLANG_WARN_OBJC_ROOT_CLASS = YES_ERROR;
				CLANG_WARN_QUOTED_INCLUDE_IN_FRAMEWORK_HEADER = YES;
				CLANG_WARN_RANGE_LOOP_ANALYSIS = YES;
				CLANG_WARN_STRICT_PROTOTYPES = YES;
				CLANG_WARN_SUSPICIOUS_MOVE = YES;
				CLANG_WARN_UNGUARDED_AVAILABILITY = YES_AGGRESSIVE;
				CLANG_WARN_UNREACHABLE_CODE = YES;
				CLANG_WARN__DUPLICATE_METHOD_MATCH = YES;
				COPY_PHASE_STRIP = NO;
				DEBUG_INFORMATION_FORMAT = "dwarf-with-dsym";
				DEVELOPMENT_TEAM = SL6B57AC84;
				ENABLE_NS_ASSERTIONS = NO;
				ENABLE_STRICT_OBJC_MSGSEND = YES;
				ENABLE_USER_SCRIPT_SANDBOXING = YES;
				GCC_C_LANGUAGE_STANDARD = gnu17;
				GCC_NO_COMMON_BLOCKS = YES;
				GCC_WARN_64_TO_32_BIT_CONVERSION = YES;
				GCC_WARN_ABOUT_RETURN_TYPE = YES_ERROR;
				GCC_WARN_UNDECLARED_SELECTOR = YES;
				GCC_WARN_UNINITIALIZED_AUTOS = YES_AGGRESSIVE;
				GCC_WARN_UNUSED_FUNCTION = YES;
				GCC_WARN_UNUSED_VARIABLE = YES;
				IPHONEOS_DEPLOYMENT_TARGET = 26.2;
				LOCALIZATION_PREFERS_STRING_CATALOGS = YES;
				MTL_ENABLE_DEBUG_INFO = NO;
				MTL_FAST_MATH = YES;
				SDKROOT = iphoneos;
				SWIFT_COMPILATION_MODE = wholemodule;
				VALIDATE_PRODUCT = YES;
			};
			name = Release;
		};
		75DEC2722F25BF5F00EBA1AC /* Debug */ = {
			isa = XCBuildConfiguration;
			buildSettings = {
				ASSETCATALOG_COMPILER_APPICON_NAME = AppIcon;
				ASSETCATALOG_COMPILER_GLOBAL_ACCENT_COLOR_NAME = AccentColor;
				CODE_SIGN_ENTITLEMENTS = AnyToolkit/AnyToolkit.entitlements;
				CODE_SIGN_STYLE = Automatic;
				CURRENT_PROJECT_VERSION = 1;
				DEVELOPMENT_TEAM = SL6B57AC84;
				ENABLE_PREVIEWS = YES;
				ENABLE_TESTING_SEARCH_PATHS = YES;
				FRAMEWORK_SEARCH_PATHS = (
					"$(inherited)",
					"$(PROJECT_DIR)/AnyToolkit/Third",
				);
				GENERATE_INFOPLIST_FILE = YES;
				INFOPLIST_FILE = AnyToolkit/Info.plist;
				INFOPLIST_KEY_UIApplicationSceneManifest_Generation = YES;
				INFOPLIST_KEY_UIApplicationSupportsIndirectInputEvents = YES;
				INFOPLIST_KEY_UISupportedInterfaceOrientations_iPad = "UIInterfaceOrientationPortrait UIInterfaceOrientationPortraitUpsideDown UIInterfaceOrientationLandscapeLeft UIInterfaceOrientationLandscapeRight";
				INFOPLIST_KEY_UISupportedInterfaceOrientations_iPhone = "UIInterfaceOrientationPortrait UIInterfaceOrientationLandscapeLeft UIInterfaceOrientationLandscapeRight";
				INFOPLIST_KEY_UISupportsDocumentBrowser = YES;
				IPHONEOS_DEPLOYMENT_TARGET = 14.0;
				LD_RUNPATH_SEARCH_PATHS = (
					"$(inherited)",
					"@executable_path/Frameworks",
					/usr/lib/swift,
					"$(HOME)/Links",
				);
				LIBRARY_SEARCH_PATHS = "$(HOME)/Links";
				MARKETING_VERSION = 1.0;
				PRODUCT_BUNDLE_IDENTIFIER = com.corpsele.AnyToolkit;
				PRODUCT_NAME = "$(TARGET_NAME)";
				STRING_CATALOG_GENERATE_SYMBOLS = YES;
				SWIFT_APPROACHABLE_CONCURRENCY = YES;
				SWIFT_DEFAULT_ACTOR_ISOLATION = MainActor;
				SWIFT_EMIT_LOC_STRINGS = YES;
				SWIFT_UPCOMING_FEATURE_MEMBER_IMPORT_VISIBILITY = YES;
				SWIFT_VERSION = 5.0;
				TARGETED_DEVICE_FAMILY = "1,2";
			};
			name = Debug;
		};
		75DEC2732F25BF5F00EBA1AC /* Release */ = {
			isa = XCBuildConfiguration;
			buildSettings = {
				ASSETCATALOG_COMPILER_APPICON_NAME = AppIcon;
				ASSETCATALOG_COMPILER_GLOBAL_ACCENT_COLOR_NAME = AccentColor;
				CODE_SIGN_ENTITLEMENTS = AnyToolkit/AnyToolkit.entitlements;
				CODE_SIGN_STYLE = Automatic;
				CURRENT_PROJECT_VERSION = 1;
				DEVELOPMENT_TEAM = SL6B57AC84;
				ENABLE_PREVIEWS = YES;
				ENABLE_TESTING_SEARCH_PATHS = YES;
				FRAMEWORK_SEARCH_PATHS = (
					"$(inherited)",
					"$(PROJECT_DIR)/AnyToolkit/Third",
				);
				GENERATE_INFOPLIST_FILE = YES;
				INFOPLIST_FILE = AnyToolkit/Info.plist;
				INFOPLIST_KEY_UIApplicationSceneManifest_Generation = YES;
				INFOPLIST_KEY_UIApplicationSupportsIndirectInputEvents = YES;
				INFOPLIST_KEY_UISupportedInterfaceOrientations_iPad = "UIInterfaceOrientationPortrait UIInterfaceOrientationPortraitUpsideDown UIInterfaceOrientationLandscapeLeft UIInterfaceOrientationLandscapeRight";
				INFOPLIST_KEY_UISupportedInterfaceOrientations_iPhone = "UIInterfaceOrientationPortrait UIInterfaceOrientationLandscapeLeft UIInterfaceOrientationLandscapeRight";
				INFOPLIST_KEY_UISupportsDocumentBrowser = YES;
				IPHONEOS_DEPLOYMENT_TARGET = 14.0;
				LD_RUNPATH_SEARCH_PATHS = (
					"$(inherited)",
					"@executable_path/Frameworks",
					/usr/lib/swift,
					"$(HOME)/Links",
				);
				LIBRARY_SEARCH_PATHS = "$(HOME)/Links";
				MARKETING_VERSION = 1.0;
				PRODUCT_BUNDLE_IDENTIFIER = com.corpsele.AnyToolkit;
				PRODUCT_NAME = "$(TARGET_NAME)";
				STRING_CATALOG_GENERATE_SYMBOLS = YES;
				SWIFT_APPROACHABLE_CONCURRENCY = YES;
				SWIFT_DEFAULT_ACTOR_ISOLATION = MainActor;
				SWIFT_EMIT_LOC_STRINGS = YES;
				SWIFT_UPCOMING_FEATURE_MEMBER_IMPORT_VISIBILITY = YES;
				SWIFT_VERSION = 5.0;
				TARGETED_DEVICE_FAMILY = "1,2";
			};
			name = Release;
		};
		75DEC2752F25BF5F00EBA1AC /* Debug */ = {
			isa = XCBuildConfiguration;
			buildSettings = {
				BUNDLE_LOADER = "$(TEST_HOST)";
				CODE_SIGN_STYLE = Automatic;
				CURRENT_PROJECT_VERSION = 1;
				DEVELOPMENT_TEAM = SL6B57AC84;
				GENERATE_INFOPLIST_FILE = YES;
				IPHONEOS_DEPLOYMENT_TARGET = 26.2;
				MARKETING_VERSION = 1.0;
				PRODUCT_BUNDLE_IDENTIFIER = com.corpsele.AnyToolkitTests;
				PRODUCT_NAME = "$(TARGET_NAME)";
				STRING_CATALOG_GENERATE_SYMBOLS = NO;
				SWIFT_APPROACHABLE_CONCURRENCY = YES;
				SWIFT_EMIT_LOC_STRINGS = NO;
				SWIFT_UPCOMING_FEATURE_MEMBER_IMPORT_VISIBILITY = YES;
				SWIFT_VERSION = 5.0;
				TARGETED_DEVICE_FAMILY = "1,2";
				TEST_HOST = "$(BUILT_PRODUCTS_DIR)/AnyToolkit.app/$(BUNDLE_EXECUTABLE_FOLDER_PATH)/AnyToolkit";
			};
			name = Debug;
		};
		75DEC2762F25BF5F00EBA1AC /* Release */ = {
			isa = XCBuildConfiguration;
			buildSettings = {
				BUNDLE_LOADER = "$(TEST_HOST)";
				CODE_SIGN_STYLE = Automatic;
				CURRENT_PROJECT_VERSION = 1;
				DEVELOPMENT_TEAM = SL6B57AC84;
				GENERATE_INFOPLIST_FILE = YES;
				IPHONEOS_DEPLOYMENT_TARGET = 26.2;
				MARKETING_VERSION = 1.0;
				PRODUCT_BUNDLE_IDENTIFIER = com.corpsele.AnyToolkitTests;
				PRODUCT_NAME = "$(TARGET_NAME)";
				STRING_CATALOG_GENERATE_SYMBOLS = NO;
				SWIFT_APPROACHABLE_CONCURRENCY = YES;
				SWIFT_EMIT_LOC_STRINGS = NO;
				SWIFT_UPCOMING_FEATURE_MEMBER_IMPORT_VISIBILITY = YES;
				SWIFT_VERSION = 5.0;
				TARGETED_DEVICE_FAMILY = "1,2";
				TEST_HOST = "$(BUILT_PRODUCTS_DIR)/AnyToolkit.app/$(BUNDLE_EXECUTABLE_FOLDER_PATH)/AnyToolkit";
			};
			name = Release;
		};
		75DEC2782F25BF5F00EBA1AC /* Debug */ = {
			isa = XCBuildConfiguration;
			buildSettings = {
				CODE_SIGN_STYLE = Automatic;
				CURRENT_PROJECT_VERSION = 1;
				DEVELOPMENT_TEAM = SL6B57AC84;
				GENERATE_INFOPLIST_FILE = YES;
				MARKETING_VERSION = 1.0;
				PRODUCT_BUNDLE_IDENTIFIER = com.corpsele.AnyToolkitUITests;
				PRODUCT_NAME = "$(TARGET_NAME)";
				STRING_CATALOG_GENERATE_SYMBOLS = NO;
				SWIFT_APPROACHABLE_CONCURRENCY = YES;
				SWIFT_EMIT_LOC_STRINGS = NO;
				SWIFT_UPCOMING_FEATURE_MEMBER_IMPORT_VISIBILITY = YES;
				SWIFT_VERSION = 5.0;
				TARGETED_DEVICE_FAMILY = "1,2";
				TEST_TARGET_NAME = AnyToolkit;
			};
			name = Debug;
		};
		75DEC2792F25BF5F00EBA1AC /* Release */ = {
			isa = XCBuildConfiguration;
			buildSettings = {
				CODE_SIGN_STYLE = Automatic;
				CURRENT_PROJECT_VERSION = 1;
				DEVELOPMENT_TEAM = SL6B57AC84;
				GENERATE_INFOPLIST_FILE = YES;
				MARKETING_VERSION = 1.0;
				PRODUCT_BUNDLE_IDENTIFIER = com.corpsele.AnyToolkitUITests;
				PRODUCT_NAME = "$(TARGET_NAME)";
				STRING_CATALOG_GENERATE_SYMBOLS = NO;
				SWIFT_APPROACHABLE_CONCURRENCY = YES;
				SWIFT_EMIT_LOC_STRINGS = NO;
				SWIFT_UPCOMING_FEATURE_MEMBER_IMPORT_VISIBILITY = YES;
				SWIFT_VERSION = 5.0;
				TARGETED_DEVICE_FAMILY = "1,2";
				TEST_TARGET_NAME = AnyToolkit;
			};
			name = Release;
		};
/* End XCBuildConfiguration section */

/* Begin XCConfigurationList section */
		75CDF6752F34586500BB7CF6 /* Build configuration list for PBXNativeTarget "EverWidgetExtension" */ = {
			isa = XCConfigurationList;
			buildConfigurations = (
				75CDF6732F34586500BB7CF6 /* Debug */,
				75CDF6742F34586500BB7CF6 /* Release */,
			);
			defaultConfigurationIsVisible = 0;
			defaultConfigurationName = Release;
		};
		75DEC2462F25BF5E00EBA1AC /* Build configuration list for PBXProject "AnyToolkit" */ = {
			isa = XCConfigurationList;
			buildConfigurations = (
				75DEC26F2F25BF5F00EBA1AC /* Debug */,
				75DEC2702F25BF5F00EBA1AC /* Release */,
			);
			defaultConfigurationIsVisible = 0;
			defaultConfigurationName = Release;
		};
		75DEC2712F25BF5F00EBA1AC /* Build configuration list for PBXNativeTarget "AnyToolkit" */ = {
			isa = XCConfigurationList;
			buildConfigurations = (
				75DEC2722F25BF5F00EBA1AC /* Debug */,
				75DEC2732F25BF5F00EBA1AC /* Release */,
			);
			defaultConfigurationIsVisible = 0;
			defaultConfigurationName = Release;
		};
		75DEC2742F25BF5F00EBA1AC /* Build configuration list for PBXNativeTarget "AnyToolkitTests" */ = {
			isa = XCConfigurationList;
			buildConfigurations = (
				75DEC2752F25BF5F00EBA1AC /* Debug */,
				75DEC2762F25BF5F00EBA1AC /* Release */,
			);
			defaultConfigurationIsVisible = 0;
			defaultConfigurationName = Release;
		};
		75DEC2772F25BF5F00EBA1AC /* Build configuration list for PBXNativeTarget "AnyToolkitUITests" */ = {
			isa = XCConfigurationList;
			buildConfigurations = (
				75DEC2782F25BF5F00EBA1AC /* Debug */,
				75DEC2792F25BF5F00EBA1AC /* Release */,
			);
			defaultConfigurationIsVisible = 0;
			defaultConfigurationName = Release;
		};
/* End XCConfigurationList section */

/* Begin XCRemoteSwiftPackageReference section */
		7556EA122F2C561F002DE73A /* XCRemoteSwiftPackageReference "swiftui-introspect" */ = {
			isa = XCRemoteSwiftPackageReference;
			repositoryURL = "https://github.com/siteline/swiftui-introspect";
			requirement = {
				kind = upToNextMajorVersion;
				minimumVersion = 26.0.0;
			};
		};
		758B82FE2F3C6C3400F4CA41 /* XCRemoteSwiftPackageReference "swiftui-navigation-transitions" */ = {
			isa = XCRemoteSwiftPackageReference;
			repositoryURL = "https://github.com/davdroman/swiftui-navigation-transitions";
			requirement = {
				kind = upToNextMajorVersion;
				minimumVersion = 0.16.1;
			};
		};
		75CDF68B2F346C0C00BB7CF6 /* XCRemoteSwiftPackageReference "SFSafeSymbols" */ = {
			isa = XCRemoteSwiftPackageReference;
			repositoryURL = "https://github.com/SFSafeSymbols/SFSafeSymbols";
			requirement = {
				kind = upToNextMajorVersion;
				minimumVersion = 7.0.0;
			};
		};
		75FF8D252F303EBA0091C943 /* XCRemoteSwiftPackageReference "CLSDK_Framework" */ = {
			isa = XCRemoteSwiftPackageReference;
			repositoryURL = "https://github.com/corpsele/CLSDK_Framework";
			requirement = {
				branch = dev;
				kind = branch;
			};
		};
		75FF8D432F304F9E0091C943 /* XCRemoteSwiftPackageReference "SwiftyUtils" */ = {
			isa = XCRemoteSwiftPackageReference;
			repositoryURL = "https://github.com/tbaranes/SwiftyUtils";
			requirement = {
				kind = upToNextMajorVersion;
				minimumVersion = 5.5.2;
			};
		};
/* End XCRemoteSwiftPackageReference section */

/* Begin XCSwiftPackageProductDependency section */
		7556EA132F2C561F002DE73A /* SwiftUIIntrospect */ = {
			isa = XCSwiftPackageProductDependency;
			package = 7556EA122F2C561F002DE73A /* XCRemoteSwiftPackageReference "swiftui-introspect" */;
			productName = SwiftUIIntrospect;
		};
		758B82FF2F3C6C3400F4CA41 /* SwiftUINavigationTransitions */ = {
			isa = XCSwiftPackageProductDependency;
			package = 758B82FE2F3C6C3400F4CA41 /* XCRemoteSwiftPackageReference "swiftui-navigation-transitions" */;
			productName = SwiftUINavigationTransitions;
		};
		758B83012F3C6C3400F4CA41 /* UIKitNavigationTransitions */ = {
			isa = XCSwiftPackageProductDependency;
			package = 758B82FE2F3C6C3400F4CA41 /* XCRemoteSwiftPackageReference "swiftui-navigation-transitions" */;
			productName = UIKitNavigationTransitions;
		};
		75CDF68C2F346C0C00BB7CF6 /* SFSafeSymbols */ = {
			isa = XCSwiftPackageProductDependency;
			package = 75CDF68B2F346C0C00BB7CF6 /* XCRemoteSwiftPackageReference "SFSafeSymbols" */;
			productName = SFSafeSymbols;
		};
		75CDF68E2F346C2800BB7CF6 /* SFSafeSymbols */ = {
			isa = XCSwiftPackageProductDependency;
			package = 75CDF68B2F346C0C00BB7CF6 /* XCRemoteSwiftPackageReference "SFSafeSymbols" */;
			productName = SFSafeSymbols;
		};
		75FF8D262F303EBA0091C943 /* CLSDK_Framework-Static */ = {
			isa = XCSwiftPackageProductDependency;
			package = 75FF8D252F303EBA0091C943 /* XCRemoteSwiftPackageReference "CLSDK_Framework" */;
			productName = "CLSDK_Framework-Static";
		};
		75FF8D442F304F9E0091C943 /* SwiftyUtils */ = {
			isa = XCSwiftPackageProductDependency;
			package = 75FF8D432F304F9E0091C943 /* XCRemoteSwiftPackageReference "SwiftyUtils" */;
			productName = SwiftyUtils;
		};
/* End XCSwiftPackageProductDependency section */
	};
	rootObject = 75DEC2432F25BF5E00EBA1AC /* Project object */;
}
